
Microsoft Visual Studio Solution File, Format Version 12.00
# Visual Studio 15
VisualStudioVersion = 15.0.28307.421
MinimumVisualStudioVersion = 10.0.40219.1
Project("{FAE04EC0-301F-11D3-BF4B-00C04F79EFBC}") = "Person2019", "Person2019\Person2019.csproj", "{A86ED37B-1D3F-4981-BF44-858C96FFE699}"
EndProject
Global
	GlobalSection(SolutionConfigurationPlatforms) = preSolution
		Debug|Any CPU = Debug|Any CPU
		Release|Any CPU = Release|Any CPU
	EndGlobalSection
	GlobalSection(ProjectConfigurationPlatforms) = postSolution
		{A86ED37B-1D3F-4981-BF44-858C96FFE699}.Debug|Any CPU.ActiveCfg = Debug|Any CPU
		{A86ED37B-1D3F-4981-BF44-858C96FFE699}.Debug|Any CPU.Build.0 = Debug|Any CPU
		{A86ED37B-1D3F-4981-BF44-858C96FFE699}.Release|Any CPU.ActiveCfg = Release|Any CPU
		{A86ED37B-1D3F-4981-BF44-858C96FFE699}.Release|Any CPU.Build.0 = Release|Any CPU
	EndGlobalSection
	GlobalSection(SolutionProperties) = preSolution
		HideSolutionNode = FALSE
	EndGlobalSection
	GlobalSection(ExtensibilityGlobals) = postSolution
		SolutionGuid = {788D664A-D8FF-479E-8DC0-89BE7B7B12D0}
	EndGlobalSection
EndGlobal
